
Microsoft Visual Studio Solution File, Format Version 12.00
# Visual Studio Version 17
VisualStudioVersion = 17.8.34408.163
MinimumVisualStudioVersion = 10.0.40219.1
Project("{FAE04EC0-301F-11D3-BF4B-00C04F79EFBC}") = "DependencyInjectionPrinciple", "DependencyInjectionPrinciple\DependencyInjectionPrinciple.csproj", "{6B957852-B396-4350-A7BD-2FFD7A42B1CB}"
EndProject
Project("{FAE04EC0-301F-11D3-BF4B-00C04F79EFBC}") = "TestDIP", "TestDIP\TestDIP.csproj", "{7E2283B2-3927-4007-95FE-43DE565BC22D}"
EndProject
Global
	GlobalSection(SolutionConfigurationPlatforms) = preSolution
		Debug|Any CPU = Debug|Any CPU
		Release|Any CPU = Release|Any CPU
	EndGlobalSection
	GlobalSection(ProjectConfigurationPlatforms) = postSolution
		{6B957852-B396-4350-A7BD-2FFD7A42B1CB}.Debug|Any CPU.ActiveCfg = Debug|Any CPU
		{6B957852-B396-4350-A7BD-2FFD7A42B1CB}.Debug|Any CPU.Build.0 = Debug|Any CPU
		{6B957852-B396-4350-A7BD-2FFD7A42B1CB}.Release|Any CPU.ActiveCfg = Release|Any CPU
		{6B957852-B396-4350-A7BD-2FFD7A42B1CB}.Release|Any CPU.Build.0 = Release|Any CPU
		{7E2283B2-3927-4007-95FE-43DE565BC22D}.Debug|Any CPU.ActiveCfg = Debug|Any CPU
		{7E2283B2-3927-4007-95FE-43DE565BC22D}.Debug|Any CPU.Build.0 = Debug|Any CPU
		{7E2283B2-3927-4007-95FE-43DE565BC22D}.Release|Any CPU.ActiveCfg = Release|Any CPU
		{7E2283B2-3927-4007-95FE-43DE565BC22D}.Release|Any CPU.Build.0 = Release|Any CPU
	EndGlobalSection
	GlobalSection(SolutionProperties) = preSolution
		HideSolutionNode = FALSE
	EndGlobalSection
	GlobalSection(ExtensibilityGlobals) = postSolution
		SolutionGuid = {C0649AD4-AC86-4302-949D-5432752169F6}
	EndGlobalSection
EndGlobal
